// !$*UTF8*$!
{
	archiveVersion = 1;
	classes = {
	};
	objectVersion = 55;
	objects = {

/* Begin PBXBuildFile section */
		F04BB8E427A089E000947440 /* FavsViewModel.swift in Sources */ = {isa = PBXBuildFile; fileRef = F04BB8E327A089E000947440 /* FavsViewModel.swift */; };
		F04BB8E627A08E9D00947440 /* AddArtistViewModel.swift in Sources */ = {isa = PBXBuildFile; fileRef = F04BB8E527A08E9C00947440 /* AddArtistViewModel.swift */; };
		F053B2BC2798199A001CD07E /* SongsApp.swift in Sources */ = {isa = PBXBuildFile; fileRef = F053B2BB2798199A001CD07E /* SongsApp.swift */; };
		F053B2BE2798199A001CD07E /* TabBar.swift in Sources */ = {isa = PBXBuildFile; fileRef = F053B2BD2798199A001CD07E /* TabBar.swift */; };
		F053B2C02798199C001CD07E /* Assets.xcassets in Resources */ = {isa = PBXBuildFile; fileRef = F053B2BF2798199C001CD07E /* Assets.xcassets */; };
		F053B2C32798199C001CD07E /* Preview Assets.xcassets in Resources */ = {isa = PBXBuildFile; fileRef = F053B2C22798199C001CD07E /* Preview Assets.xcassets */; };
		F053B2C52798199C001CD07E /* DBManager.swift in Sources */ = {isa = PBXBuildFile; fileRef = F053B2C42798199C001CD07E /* DBManager.swift */; };
		F053B2C82798199C001CD07E /* Songs.xcdatamodeld in Sources */ = {isa = PBXBuildFile; fileRef = F053B2C62798199C001CD07E /* Songs.xcdatamodeld */; };
		F0CF0E342798248800668BFB /* SongsView.swift in Sources */ = {isa = PBXBuildFile; fileRef = F0CF0E332798248800668BFB /* SongsView.swift */; };
		F0CF0E362798249400668BFB /* FavsView.swift in Sources */ = {isa = PBXBuildFile; fileRef = F0CF0E352798249400668BFB /* FavsView.swift */; };
		F0CF0E38279824A400668BFB /* SongDetail.swift in Sources */ = {isa = PBXBuildFile; fileRef = F0CF0E37279824A400668BFB /* SongDetail.swift */; };
		F0CF0E3B2798285100668BFB /* AddSongView.swift in Sources */ = {isa = PBXBuildFile; fileRef = F0CF0E3A2798285100668BFB /* AddSongView.swift */; };
		F0CF0E3D2798287500668BFB /* AddArtistView.swift in Sources */ = {isa = PBXBuildFile; fileRef = F0CF0E3C2798287500668BFB /* AddArtistView.swift */; };
		F0CF0E3F27982DEC00668BFB /* RatingView.swift in Sources */ = {isa = PBXBuildFile; fileRef = F0CF0E3E27982DEC00668BFB /* RatingView.swift */; };
		F0CF0E43279844C500668BFB /* SongsViewModel.swift in Sources */ = {isa = PBXBuildFile; fileRef = F0CF0E42279844C500668BFB /* SongsViewModel.swift */; };
		F0CF0E452798473D00668BFB /* AddSongViewModel.swift in Sources */ = {isa = PBXBuildFile; fileRef = F0CF0E442798473D00668BFB /* AddSongViewModel.swift */; };
/* End PBXBuildFile section */

/* Begin PBXFileReference section */
		F04BB8E327A089E000947440 /* FavsViewModel.swift */ = {isa = PBXFileReference; lastKnownFileType = sourcecode.swift; path = FavsViewModel.swift; sourceTree = "<group>"; };
		F04BB8E527A08E9C00947440 /* AddArtistViewModel.swift */ = {isa = PBXFileReference; lastKnownFileType = sourcecode.swift; path = AddArtistViewModel.swift; sourceTree = "<group>"; };
		F053B2B82798199A001CD07E /* Songs.app */ = {isa = PBXFileReference; explicitFileType = wrapper.application; includeInIndex = 0; path = Songs.app; sourceTree = BUILT_PRODUCTS_DIR; };
		F053B2BB2798199A001CD07E /* SongsApp.swift */ = {isa = PBXFileReference; lastKnownFileType = sourcecode.swift; path = SongsApp.swift; sourceTree = "<group>"; };
		F053B2BD2798199A001CD07E /* TabBar.swift */ = {isa = PBXFileReference; lastKnownFileType = sourcecode.swift; path = TabBar.swift; sourceTree = "<group>"; };
		F053B2BF2798199C001CD07E /* Assets.xcassets */ = {isa = PBXFileReference; lastKnownFileType = folder.assetcatalog; path = Assets.xcassets; sourceTree = "<group>"; };
		F053B2C22798199C001CD07E /* Preview Assets.xcassets */ = {isa = PBXFileReference; lastKnownFileType = folder.assetcatalog; path = "Preview Assets.xcassets"; sourceTree = "<group>"; };
		F053B2C42798199C001CD07E /* DBManager.swift */ = {isa = PBXFileReference; lastKnownFileType = sourcecode.swift; path = DBManager.swift; sourceTree = "<group>"; };
		F053B2C72798199C001CD07E /* Songs.xcdatamodel */ = {isa = PBXFileReference; lastKnownFileType = wrapper.xcdatamodel; path = Songs.xcdatamodel; sourceTree = "<group>"; };
		F0CF0E332798248800668BFB /* SongsView.swift */ = {isa = PBXFileReference; lastKnownFileType = sourcecode.swift; path = SongsView.swift; sourceTree = "<group>"; };
		F0CF0E352798249400668BFB /* FavsView.swift */ = {isa = PBXFileReference; lastKnownFileType = sourcecode.swift; path = FavsView.swift; sourceTree = "<group>"; };
		F0CF0E37279824A400668BFB /* SongDetail.swift */ = {isa = PBXFileReference; lastKnownFileType = sourcecode.swift; path = SongDetail.swift; sourceTree = "<group>"; };
		F0CF0E3A2798285100668BFB /* AddSongView.swift */ = {isa = PBXFileReference; lastKnownFileType = sourcecode.swift; path = AddSongView.swift; sourceTree = "<group>"; };
		F0CF0E3C2798287500668BFB /* AddArtistView.swift */ = {isa = PBXFileReference; lastKnownFileType = sourcecode.swift; path = AddArtistView.swift; sourceTree = "<group>"; };
		F0CF0E3E27982DEC00668BFB /* RatingView.swift */ = {isa = PBXFileReference; lastKnownFileType = sourcecode.swift; path = RatingView.swift; sourceTree = "<group>"; };
		F0CF0E42279844C500668BFB /* SongsViewModel.swift */ = {isa = PBXFileReference; lastKnownFileType = sourcecode.swift; path = SongsViewModel.swift; sourceTree = "<group>"; };
		F0CF0E442798473D00668BFB /* AddSongViewModel.swift */ = {isa = PBXFileReference; lastKnownFileType = sourcecode.swift; path = AddSongViewModel.swift; sourceTree = "<group>"; };
/* End PBXFileReference section */

/* Begin PBXFrameworksBuildPhase section */
		F053B2B52798199A001CD07E /* Frameworks */ = {
			isa = PBXFrameworksBuildPhase;
			buildActionMask = 2147483647;
			files = (
			);
			runOnlyForDeploymentPostprocessing = 0;
		};
/* End PBXFrameworksBuildPhase section */

/* Begin PBXGroup section */
		F053B2AF2798199A001CD07E = {
			isa = PBXGroup;
			children = (
				F053B2BA2798199A001CD07E /* Songs */,
				F053B2B92798199A001CD07E /* Products */,
			);
			sourceTree = "<group>";
		};
		F053B2B92798199A001CD07E /* Products */ = {
			isa = PBXGroup;
			children = (
				F053B2B82798199A001CD07E /* Songs.app */,
			);
			name = Products;
			sourceTree = "<group>";
		};
		F053B2BA2798199A001CD07E /* Songs */ = {
			isa = PBXGroup;
			children = (
				F053B2D4279823EB001CD07E /* SongDetail */,
				F053B2D3279823D4001CD07E /* Favorites */,
				F053B2D2279823CD001CD07E /* Songs */,
				F053B2D1279822D9001CD07E /* Manager */,
				F053B2CF27981C3F001CD07E /* Main */,
				F053B2D027981C61001CD07E /* Models */,
				F053B2CE27981C2E001CD07E /* Ressources */,
				F053B2C12798199C001CD07E /* Preview Content */,
			);
			path = Songs;
			sourceTree = "<group>";
		};
		F053B2C12798199C001CD07E /* Preview Content */ = {
			isa = PBXGroup;
			children = (
				F053B2C22798199C001CD07E /* Preview Assets.xcassets */,
			);
			path = "Preview Content";
			sourceTree = "<group>";
		};
		F053B2CE27981C2E001CD07E /* Ressources */ = {
			isa = PBXGroup;
			children = (
				F053B2BF2798199C001CD07E /* Assets.xcassets */,
			);
			path = Ressources;
			sourceTree = "<group>";
		};
		F053B2CF27981C3F001CD07E /* Main */ = {
			isa = PBXGroup;
			children = (
				F053B2BD2798199A001CD07E /* TabBar.swift */,
				F053B2BB2798199A001CD07E /* SongsApp.swift */,
			);
			path = Main;
			sourceTree = "<group>";
		};
		F053B2D027981C61001CD07E /* Models */ = {
			isa = PBXGroup;
			children = (
				F053B2C62798199C001CD07E /* Songs.xcdatamodeld */,
			);
			path = Models;
			sourceTree = "<group>";
		};
		F053B2D1279822D9001CD07E /* Manager */ = {
			isa = PBXGroup;
			children = (
				F053B2C42798199C001CD07E /* DBManager.swift */,
			);
			path = Manager;
			sourceTree = "<group>";
		};
		F053B2D2279823CD001CD07E /* Songs */ = {
			isa = PBXGroup;
			children = (
				F0CF0E3E27982DEC00668BFB /* RatingView.swift */,
				F0CF0E392798284000668BFB /* Add */,
				F0CF0E332798248800668BFB /* SongsView.swift */,
				F0CF0E42279844C500668BFB /* SongsViewModel.swift */,
				F04BB8E327A089E000947440 /* FavsViewModel.swift */,
			);
			path = Songs;
			sourceTree = "<group>";
		};
		F053B2D3279823D4001CD07E /* Favorites */ = {
			isa = PBXGroup;
			children = (
				F0CF0E352798249400668BFB /* FavsView.swift */,
			);
			path = Favorites;
			sourceTree = "<group>";
		};
		F053B2D4279823EB001CD07E /* SongDetail */ = {
			isa = PBXGroup;
			children = (
				F0CF0E37279824A400668BFB /* SongDetail.swift */,
			);
			path = SongDetail;
			sourceTree = "<group>";
		};
		F0CF0E392798284000668BFB /* Add */ = {
			isa = PBXGroup;
			children = (
				F0CF0E3A2798285100668BFB /* AddSongView.swift */,
				F0CF0E442798473D00668BFB /* AddSongViewModel.swift */,
				F0CF0E3C2798287500668BFB /* AddArtistView.swift */,
				F04BB8E527A08E9C00947440 /* AddArtistViewModel.swift */,
			);
			path = Add;
			sourceTree = "<group>";
		};
/* End PBXGroup section */

/* Begin PBXNativeTarget section */
		F053B2B72798199A001CD07E /* Songs */ = {
			isa = PBXNativeTarget;
			buildConfigurationList = F053B2CB2798199C001CD07E /* Build configuration list for PBXNativeTarget "Songs" */;
			buildPhases = (
				F053B2B42798199A001CD07E /* Sources */,
				F053B2B52798199A001CD07E /* Frameworks */,
				F053B2B62798199A001CD07E /* Resources */,
			);
			buildRules = (
			);
			dependencies = (
			);
			name = Songs;
			productName = Songs;
			productReference = F053B2B82798199A001CD07E /* Songs.app */;
			productType = "com.apple.product-type.application";
		};
/* End PBXNativeTarget section */

/* Begin PBXProject section */
		F053B2B02798199A001CD07E /* Project object */ = {
			isa = PBXProject;
			attributes = {
				BuildIndependentTargetsInParallel = 1;
				LastSwiftUpdateCheck = 1320;
				LastUpgradeCheck = 1320;
				TargetAttributes = {
					F053B2B72798199A001CD07E = {
						CreatedOnToolsVersion = 13.2.1;
					};
				};
			};
			buildConfigurationList = F053B2B32798199A001CD07E /* Build configuration list for PBXProject "Songs" */;
			compatibilityVersion = "Xcode 13.0";
			developmentRegion = en;
			hasScannedForEncodings = 0;
			knownRegions = (
				en,
				Base,
			);
			mainGroup = F053B2AF2798199A001CD07E;
			productRefGroup = F053B2B92798199A001CD07E /* Products */;
			projectDirPath = "";
			projectRoot = "";
			targets = (
				F053B2B72798199A001CD07E /* Songs */,
			);
		};
/* End PBXProject section */

/* Begin PBXResourcesBuildPhase section */
		F053B2B62798199A001CD07E /* Resources */ = {
			isa = PBXResourcesBuildPhase;
			buildActionMask = 2147483647;
			files = (
				F053B2C32798199C001CD07E /* Preview Assets.xcassets in Resources */,
				F053B2C02798199C001CD07E /* Assets.xcassets in Resources */,
			);
			runOnlyForDeploymentPostprocessing = 0;
		};
/* End PBXResourcesBuildPhase section */

/* Begin PBXSourcesBuildPhase section */
		F053B2B42798199A001CD07E /* Sources */ = {
			isa = PBXSourcesBuildPhase;
			buildActionMask = 2147483647;
			files = (
				F0CF0E362798249400668BFB /* FavsView.swift in Sources */,
				F0CF0E452798473D00668BFB /* AddSongViewModel.swift in Sources */,
				F0CF0E38279824A400668BFB /* SongDetail.swift in Sources */,
				F053B2C82798199C001CD07E /* Songs.xcdatamodeld in Sources */,
				F0CF0E3F27982DEC00668BFB /* RatingView.swift in Sources */,
				F053B2C52798199C001CD07E /* DBManager.swift in Sources */,
				F053B2BE2798199A001CD07E /* TabBar.swift in Sources */,
				F0CF0E342798248800668BFB /* SongsView.swift in Sources */,
				F0CF0E43279844C500668BFB /* SongsViewModel.swift in Sources */,
				F053B2BC2798199A001CD07E /* SongsApp.swift in Sources */,
				F04BB8E427A089E000947440 /* FavsViewModel.swift in Sources */,
				F04BB8E627A08E9D00947440 /* AddArtistViewModel.swift in Sources */,
				F0CF0E3D2798287500668BFB /* AddArtistView.swift in Sources */,
				F0CF0E3B2798285100668BFB /* AddSongView.swift in Sources */,
			);
			runOnlyForDeploymentPostprocessing = 0;
		};
/* End PBXSourcesBuildPhase section */

/* Begin XCBuildConfiguration section */
		F053B2C92798199C001CD07E /* Debug */ = {
			isa = XCBuildConfiguration;
			buildSettings = {
				ALWAYS_SEARCH_USER_PATHS = NO;
				CLANG_ANALYZER_NONNULL = YES;
				CLANG_ANALYZER_NUMBER_OBJECT_CONVERSION = YES_AGGRESSIVE;
				CLANG_CXX_LANGUAGE_STANDARD = "gnu++17";
				CLANG_CXX_LIBRARY = "libc++";
				CLANG_ENABLE_MODULES = YES;
				CLANG_ENABLE_OBJC_ARC = YES;
				CLANG_ENABLE_OBJC_WEAK = YES;
				CLANG_WARN_BLOCK_CAPTURE_AUTORELEASING = YES;
				CLANG_WARN_BOOL_CONVERSION = YES;
				CLANG_WARN_COMMA = YES;
				CLANG_WARN_CONSTANT_CONVERSION = YES;
				CLANG_WARN_DEPRECATED_OBJC_IMPLEMENTATIONS = YES;
				CLANG_WARN_DIRECT_OBJC_ISA_USAGE = YES_ERROR;
				CLANG_WARN_DOCUMENTATION_COMMENTS = YES;
				CLANG_WARN_EMPTY_BODY = YES;
				CLANG_WARN_ENUM_CONVERSION = YES;
				CLANG_WARN_INFINITE_RECURSION = YES;
				CLANG_WARN_INT_CONVERSION = YES;
				CLANG_WARN_NON_LITERAL_NULL_CONVERSION = YES;
				CLANG_WARN_OBJC_IMPLICIT_RETAIN_SELF = YES;
				CLANG_WARN_OBJC_LITERAL_CONVERSION = YES;
				CLANG_WARN_OBJC_ROOT_CLASS = YES_ERROR;
				CLANG_WARN_QUOTED_INCLUDE_IN_FRAMEWORK_HEADER = YES;
				CLANG_WARN_RANGE_LOOP_ANALYSIS = YES;
				CLANG_WARN_STRICT_PROTOTYPES = YES;
				CLANG_WARN_SUSPICIOUS_MOVE = YES;
				CLANG_WARN_UNGUARDED_AVAILABILITY = YES_AGGRESSIVE;
				CLANG_WARN_UNREACHABLE_CODE = YES;
				CLANG_WARN__DUPLICATE_METHOD_MATCH = YES;
				COPY_PHASE_STRIP = NO;
				DEBUG_INFORMATION_FORMAT = dwarf;
				ENABLE_STRICT_OBJC_MSGSEND = YES;
				ENABLE_TESTABILITY = YES;
				GCC_C_LANGUAGE_STANDARD = gnu11;
				GCC_DYNAMIC_NO_PIC = NO;
				GCC_NO_COMMON_BLOCKS = YES;
				GCC_OPTIMIZATION_LEVEL = 0;
				GCC_PREPROCESSOR_DEFINITIONS = (
					"DEBUG=1",
					"$(inherited)",
				);
				GCC_WARN_64_TO_32_BIT_CONVERSION = YES;
				GCC_WARN_ABOUT_RETURN_TYPE = YES_ERROR;
				GCC_WARN_UNDECLARED_SELECTOR = YES;
				GCC_WARN_UNINITIALIZED_AUTOS = YES_AGGRESSIVE;
				GCC_WARN_UNUSED_FUNCTION = YES;
				GCC_WARN_UNUSED_VARIABLE = YES;
				IPHONEOS_DEPLOYMENT_TARGET = 15.2;
				MTL_ENABLE_DEBUG_INFO = INCLUDE_SOURCE;
				MTL_FAST_MATH = YES;
				ONLY_ACTIVE_ARCH = YES;
				SDKROOT = iphoneos;
				SWIFT_ACTIVE_COMPILATION_CONDITIONS = DEBUG;
				SWIFT_OPTIMIZATION_LEVEL = "-Onone";
			};
			name = Debug;
		};
		F053B2CA2798199C001CD07E /* Release */ = {
			isa = XCBuildConfiguration;
			buildSettings = {
				ALWAYS_SEARCH_USER_PATHS = NO;
				CLANG_ANALYZER_NONNULL = YES;
				CLANG_ANALYZER_NUMBER_OBJECT_CONVERSION = YES_AGGRESSIVE;
				CLANG_CXX_LANGUAGE_STANDARD = "gnu++17";
				CLANG_CXX_LIBRARY = "libc++";
				CLANG_ENABLE_MODULES = YES;
				CLANG_ENABLE_OBJC_ARC = YES;
				CLANG_ENABLE_OBJC_WEAK = YES;
				CLANG_WARN_BLOCK_CAPTURE_AUTORELEASING = YES;
				CLANG_WARN_BOOL_CONVERSION = YES;
				CLANG_WARN_COMMA = YES;
				CLANG_WARN_CONSTANT_CONVERSION = YES;
				CLANG_WARN_DEPRECATED_OBJC_IMPLEMENTATIONS = YES;
				CLANG_WARN_DIRECT_OBJC_ISA_USAGE = YES_ERROR;
				CLANG_WARN_DOCUMENTATION_COMMENTS = YES;
				CLANG_WARN_EMPTY_BODY = YES;
				CLANG_WARN_ENUM_CONVERSION = YES;
				CLANG_WARN_INFINITE_RECURSION = YES;
				CLANG_WARN_INT_CONVERSION = YES;
				CLANG_WARN_NON_LITERAL_NULL_CONVERSION = YES;
				CLANG_WARN_OBJC_IMPLICIT_RETAIN_SELF = YES;
				CLANG_WARN_OBJC_LITERAL_CONVERSION = YES;
				CLANG_WARN_OBJC_ROOT_CLASS = YES_ERROR;
				CLANG_WARN_QUOTED_INCLUDE_IN_FRAMEWORK_HEADER = YES;
				CLANG_WARN_RANGE_LOOP_ANALYSIS = YES;
				CLANG_WARN_STRICT_PROTOTYPES = YES;
				CLANG_WARN_SUSPICIOUS_MOVE = YES;
				CLANG_WARN_UNGUARDED_AVAILABILITY = YES_AGGRESSIVE;
				CLANG_WARN_UNREACHABLE_CODE = YES;
				CLANG_WARN__DUPLICATE_METHOD_MATCH = YES;
				COPY_PHASE_STRIP = NO;
				DEBUG_INFORMATION_FORMAT = "dwarf-with-dsym";
				ENABLE_NS_ASSERTIONS = NO;
				ENABLE_STRICT_OBJC_MSGSEND = YES;
				GCC_C_LANGUAGE_STANDARD = gnu11;
				GCC_NO_COMMON_BLOCKS = YES;
				GCC_WARN_64_TO_32_BIT_CONVERSION = YES;
				GCC_WARN_ABOUT_RETURN_TYPE = YES_ERROR;
				GCC_WARN_UNDECLARED_SELECTOR = YES;
				GCC_WARN_UNINITIALIZED_AUTOS = YES_AGGRESSIVE;
				GCC_WARN_UNUSED_FUNCTION = YES;
				GCC_WARN_UNUSED_VARIABLE = YES;
				IPHONEOS_DEPLOYMENT_TARGET = 15.2;
				MTL_ENABLE_DEBUG_INFO = NO;
				MTL_FAST_MATH = YES;
				SDKROOT = iphoneos;
				SWIFT_COMPILATION_MODE = wholemodule;
				SWIFT_OPTIMIZATION_LEVEL = "-O";
				VALIDATE_PRODUCT = YES;
			};
			name = Release;
		};
		F053B2CC2798199C001CD07E /* Debug */ = {
			isa = XCBuildConfiguration;
			buildSettings = {
				ASSETCATALOG_COMPILER_APPICON_NAME = AppIcon;
				ASSETCATALOG_COMPILER_GLOBAL_ACCENT_COLOR_NAME = AccentColor;
				CODE_SIGN_STYLE = Automatic;
				CURRENT_PROJECT_VERSION = 1;
				DEVELOPMENT_ASSET_PATHS = "\"Songs/Preview Content\"";
				DEVELOPMENT_TEAM = JJ3ACT28TY;
				ENABLE_PREVIEWS = YES;
				GENERATE_INFOPLIST_FILE = YES;
				INFOPLIST_KEY_UIApplicationSceneManifest_Generation = YES;
				INFOPLIST_KEY_UIApplicationSupportsIndirectInputEvents = YES;
				INFOPLIST_KEY_UILaunchScreen_Generation = YES;
				INFOPLIST_KEY_UISupportedInterfaceOrientations_iPad = "UIInterfaceOrientationPortrait UIInterfaceOrientationPortraitUpsideDown UIInterfaceOrientationLandscapeLeft UIInterfaceOrientationLandscapeRight";
				INFOPLIST_KEY_UISupportedInterfaceOrientations_iPhone = "UIInterfaceOrientationPortrait UIInterfaceOrientationLandscapeLeft UIInterfaceOrientationLandscapeRight";
				LD_RUNPATH_SEARCH_PATHS = (
					"$(inherited)",
					"@executable_path/Frameworks",
				);
				MARKETING_VERSION = 1.0;
				PRODUCT_BUNDLE_IDENTIFIER = com.guillaumemareschal.Songs;
				PRODUCT_NAME = "$(TARGET_NAME)";
				SWIFT_EMIT_LOC_STRINGS = YES;
				SWIFT_VERSION = 5.0;
				TARGETED_DEVICE_FAMILY = "1,2";
			};
			name = Debug;
		};
		F053B2CD2798199C001CD07E /* Release */ = {
			isa = XCBuildConfiguration;
			buildSettings = {
				ASSETCATALOG_COMPILER_APPICON_NAME = AppIcon;
				ASSETCATALOG_COMPILER_GLOBAL_ACCENT_COLOR_NAME = AccentColor;
				CODE_SIGN_STYLE = Automatic;
				CURRENT_PROJECT_VERSION = 1;
				DEVELOPMENT_ASSET_PATHS = "\"Songs/Preview Content\"";
				DEVELOPMENT_TEAM = JJ3ACT28TY;
				ENABLE_PREVIEWS = YES;
				GENERATE_INFOPLIST_FILE = YES;
				INFOPLIST_KEY_UIApplicationSceneManifest_Generation = YES;
				INFOPLIST_KEY_UIApplicationSupportsIndirectInputEvents = YES;
				INFOPLIST_KEY_UILaunchScreen_Generation = YES;
				INFOPLIST_KEY_UISupportedInterfaceOrientations_iPad = "UIInterfaceOrientationPortrait UIInterfaceOrientationPortraitUpsideDown UIInterfaceOrientationLandscapeLeft UIInterfaceOrientationLandscapeRight";
				INFOPLIST_KEY_UISupportedInterfaceOrientations_iPhone = "UIInterfaceOrientationPortrait UIInterfaceOrientationLandscapeLeft UIInterfaceOrientationLandscapeRight";
				LD_RUNPATH_SEARCH_PATHS = (
					"$(inherited)",
					"@executable_path/Frameworks",
				);
				MARKETING_VERSION = 1.0;
				PRODUCT_BUNDLE_IDENTIFIER = com.guillaumemareschal.Songs;
				PRODUCT_NAME = "$(TARGET_NAME)";
				SWIFT_EMIT_LOC_STRINGS = YES;
				SWIFT_VERSION = 5.0;
				TARGETED_DEVICE_FAMILY = "1,2";
			};
			name = Release;
		};
/* End XCBuildConfiguration section */

/* Begin XCConfigurationList section */
		F053B2B32798199A001CD07E /* Build configuration list for PBXProject "Songs" */ = {
			isa = XCConfigurationList;
			buildConfigurations = (
				F053B2C92798199C001CD07E /* Debug */,
				F053B2CA2798199C001CD07E /* Release */,
			);
			defaultConfigurationIsVisible = 0;
			defaultConfigurationName = Release;
		};
		F053B2CB2798199C001CD07E /* Build configuration list for PBXNativeTarget "Songs" */ = {
			isa = XCConfigurationList;
			buildConfigurations = (
				F053B2CC2798199C001CD07E /* Debug */,
				F053B2CD2798199C001CD07E /* Release */,
			);
			defaultConfigurationIsVisible = 0;
			defaultConfigurationName = Release;
		};
/* End XCConfigurationList section */

/* Begin XCVersionGroup section */
		F053B2C62798199C001CD07E /* Songs.xcdatamodeld */ = {
			isa = XCVersionGroup;
			children = (
				F053B2C72798199C001CD07E /* Songs.xcdatamodel */,
			);
			currentVersion = F053B2C72798199C001CD07E /* Songs.xcdatamodel */;
			path = Songs.xcdatamodeld;
			sourceTree = "<group>";
			versionGroupType = wrapper.xcdatamodel;
		};
/* End XCVersionGroup section */
	};
	rootObject = F053B2B02798199A001CD07E /* Project object */;
}
